
Microsoft Visual Studio Solution File, Format Version 12.00
# Visual Studio 15
VisualStudioVersion = 15.0.26730.16
MinimumVisualStudioVersion = 10.0.40219.1
Project("{2150E333-8FDC-42A3-9474-1A3956D46DE8}") = "Solution Items", "Solution Items", "{86584563-214A-48BA-8E33-280C5D57B4AF}"
	ProjectSection(SolutionItems) = preProject
		..\appveyor.yml = ..\appveyor.yml
		..\README.md = ..\README.md
		SolutionInfo.cs = SolutionInfo.cs
		wscf.snk = wscf.snk
	EndProjectSection
EndProject
Project("{FAE04EC0-301F-11D3-BF4B-00C04F79EFBC}") = "Thinktecture.Tools.Web.Services.ServiceDescription", "Thinktecture.Tools.Web.Services.ServiceDescription\Thinktecture.Tools.Web.Services.ServiceDescription.csproj", "{85343FA9-67CC-4DEF-9BE8-514BC542B395}"
EndProject
Project("{FAE04EC0-301F-11D3-BF4B-00C04F79EFBC}") = "Thinktecture.Tools.Web.Services.WsdlWizard", "Thinktecture.Tools.Web.Services.WsdlWizard\Thinktecture.Tools.Web.Services.WsdlWizard.csproj", "{D579D21C-5765-493A-AE08-3275253A72C1}"
EndProject
Project("{FAE04EC0-301F-11D3-BF4B-00C04F79EFBC}") = "Thinktecture.Tools.Web.Services.Wscf.Environment", "Thinktecture.Tools.Web.Services.Wscf.Environment\Thinktecture.Tools.Web.Services.Wscf.Environment.csproj", "{C8F160D7-2CDF-4E35-A4DC-91B0F2364E60}"
EndProject
Project("{FAE04EC0-301F-11D3-BF4B-00C04F79EFBC}") = "Thinktecture.Tools.Web.Services.CodeGeneration", "Thinktecture.Tools.Web.Services.CodeGeneration\Thinktecture.Tools.Web.Services.CodeGeneration.csproj", "{C95E299D-A15E-4FD8-AC50-D3645F0CAA48}"
EndProject
Project("{FAE04EC0-301F-11D3-BF4B-00C04F79EFBC}") = "Thinktecture.ServiceModel.Extensions.Metadata", "Thinktecture.ServiceModel.Extensions.Metadata\Thinktecture.ServiceModel.Extensions.Metadata.csproj", "{30C58D77-7B92-4B2F-BA19-A0D5603A4C6C}"
EndProject
Project("{FAE04EC0-301F-11D3-BF4B-00C04F79EFBC}") = "Thinktecture.ServiceModel.Extensions.Metadata.Tests", "Thinktecture.ServiceModel.Extensions.Metadata.Tests\Thinktecture.ServiceModel.Extensions.Metadata.Tests.csproj", "{A626E623-598B-445D-A8EA-217EFB64E5E6}"
EndProject
Project("{FAE04EC0-301F-11D3-BF4B-00C04F79EFBC}") = "MetadataExtensionPrototype", "MetadataExtensionPrototype\MetadataExtensionPrototype.csproj", "{67075509-1062-4AAB-8E47-80B37EB44809}"
EndProject
Project("{FAE04EC0-301F-11D3-BF4B-00C04F79EFBC}") = "Thinktecture.Tools.Web.Services.ContractFirst", "Thinktecture.Tools.Web.Services.ContractFirst\Thinktecture.Tools.Web.Services.ContractFirst.csproj", "{C69D4C24-8268-470B-8F73-8DB366A96E7F}"
EndProject
Global
	GlobalSection(SolutionConfigurationPlatforms) = preSolution
		Debug|Any CPU = Debug|Any CPU
		Release|Any CPU = Release|Any CPU
	EndGlobalSection
	GlobalSection(ProjectConfigurationPlatforms) = postSolution
		{85343FA9-67CC-4DEF-9BE8-514BC542B395}.Debug|Any CPU.ActiveCfg = Debug|Any CPU
		{85343FA9-67CC-4DEF-9BE8-514BC542B395}.Debug|Any CPU.Build.0 = Debug|Any CPU
		{85343FA9-67CC-4DEF-9BE8-514BC542B395}.Release|Any CPU.ActiveCfg = Release|Any CPU
		{85343FA9-67CC-4DEF-9BE8-514BC542B395}.Release|Any CPU.Build.0 = Release|Any CPU
		{D579D21C-5765-493A-AE08-3275253A72C1}.Debug|Any CPU.ActiveCfg = Debug|Any CPU
		{D579D21C-5765-493A-AE08-3275253A72C1}.Debug|Any CPU.Build.0 = Debug|Any CPU
		{D579D21C-5765-493A-AE08-3275253A72C1}.Release|Any CPU.ActiveCfg = Release|Any CPU
		{D579D21C-5765-493A-AE08-3275253A72C1}.Release|Any CPU.Build.0 = Release|Any CPU
		{C8F160D7-2CDF-4E35-A4DC-91B0F2364E60}.Debug|Any CPU.ActiveCfg = Debug|Any CPU
		{C8F160D7-2CDF-4E35-A4DC-91B0F2364E60}.Debug|Any CPU.Build.0 = Debug|Any CPU
		{C8F160D7-2CDF-4E35-A4DC-91B0F2364E60}.Release|Any CPU.ActiveCfg = Release|Any CPU
		{C8F160D7-2CDF-4E35-A4DC-91B0F2364E60}.Release|Any CPU.Build.0 = Release|Any CPU
		{C95E299D-A15E-4FD8-AC50-D3645F0CAA48}.Debug|Any CPU.ActiveCfg = Debug|Any CPU
		{C95E299D-A15E-4FD8-AC50-D3645F0CAA48}.Debug|Any CPU.Build.0 = Debug|Any CPU
		{C95E299D-A15E-4FD8-AC50-D3645F0CAA48}.Release|Any CPU.ActiveCfg = Release|Any CPU
		{C95E299D-A15E-4FD8-AC50-D3645F0CAA48}.Release|Any CPU.Build.0 = Release|Any CPU
		{30C58D77-7B92-4B2F-BA19-A0D5603A4C6C}.Debug|Any CPU.ActiveCfg = Debug|Any CPU
		{30C58D77-7B92-4B2F-BA19-A0D5603A4C6C}.Debug|Any CPU.Build.0 = Debug|Any CPU
		{30C58D77-7B92-4B2F-BA19-A0D5603A4C6C}.Release|Any CPU.ActiveCfg = Release|Any CPU
		{30C58D77-7B92-4B2F-BA19-A0D5603A4C6C}.Release|Any CPU.Build.0 = Release|Any CPU
		{A626E623-598B-445D-A8EA-217EFB64E5E6}.Debug|Any CPU.ActiveCfg = Debug|Any CPU
		{A626E623-598B-445D-A8EA-217EFB64E5E6}.Debug|Any CPU.Build.0 = Debug|Any CPU
		{A626E623-598B-445D-A8EA-217EFB64E5E6}.Release|Any CPU.ActiveCfg = Release|Any CPU
		{A626E623-598B-445D-A8EA-217EFB64E5E6}.Release|Any CPU.Build.0 = Release|Any CPU
		{67075509-1062-4AAB-8E47-80B37EB44809}.Debug|Any CPU.ActiveCfg = Debug|Any CPU
		{67075509-1062-4AAB-8E47-80B37EB44809}.Debug|Any CPU.Build.0 = Debug|Any CPU
		{67075509-1062-4AAB-8E47-80B37EB44809}.Release|Any CPU.ActiveCfg = Release|Any CPU
		{67075509-1062-4AAB-8E47-80B37EB44809}.Release|Any CPU.Build.0 = Release|Any CPU
		{C69D4C24-8268-470B-8F73-8DB366A96E7F}.Debug|Any CPU.ActiveCfg = Debug|Any CPU
		{C69D4C24-8268-470B-8F73-8DB366A96E7F}.Debug|Any CPU.Build.0 = Debug|Any CPU
		{C69D4C24-8268-470B-8F73-8DB366A96E7F}.Release|Any CPU.ActiveCfg = Release|Any CPU
		{C69D4C24-8268-470B-8F73-8DB366A96E7F}.Release|Any CPU.Build.0 = Release|Any CPU
	EndGlobalSection
	GlobalSection(SolutionProperties) = preSolution
		HideSolutionNode = FALSE
	EndGlobalSection
	GlobalSection(ExtensibilityGlobals) = postSolution
		SolutionGuid = {45D83234-EEF6-4628-9D13-CC155D0FE75A}
	EndGlobalSection
	GlobalSection(TestCaseManagementSettings) = postSolution
		CategoryFile = Complete.vsmdi
	EndGlobalSection
EndGlobal
